{
  "name": "@galactic/ui",
  "version": "0.1.0",
  "lockfileVersion": 3,
  "requires": true,
  "packages": {
    "": {
      "name": "@galactic/ui",
      "version": "0.1.0",
      "license": "MIT",
      "dependencies": {
        "rxjs": "^7.8.2"
      },
      "devDependencies": {
        "@fortawesome/fontawesome-svg-core": "*",
        "@fortawesome/free-brands-svg-icons": "^7.1.0",
        "@fortawesome/free-regular-svg-icons": "^7.1.0",
        "@fortawesome/free-solid-svg-icons": "^7.1.0",
        "@fortawesome/react-fontawesome": "^3.1.0",
        "@types/react": "^19.2.2"
      },
      "peerDependencies": {
        "@fortawesome/fontawesome-svg-core": "^7.1.0",
        "@fortawesome/free-solid-svg-icons": "^7.1.0",
        "@fortawesome/react-fontawesome": "^3.1.0"
      }
    },
    "node_modules/@fortawesome/fontawesome-common-types": {
      "version": "7.1.0",
      "resolved": "https://registry.npmjs.org/@fortawesome/fontawesome-common-types/-/fontawesome-common-types-7.1.0.tgz",
      "integrity": "sha512-l/BQM7fYntsCI//du+6sEnHOP6a74UixFyOYUyz2DLMXKx+6DEhfR3F2NYGE45XH1JJuIamacb4IZs9S0ZOWLA==",
      "dev": true,
      "license": "MIT",
      "engines": {
        "node": ">=6"
      }
    },
    "node_modules/@fortawesome/fontawesome-svg-core": {
      "version": "7.1.0",
      "resolved": "https://registry.npmjs.org/@fortawesome/fontawesome-svg-core/-/fontawesome-svg-core-7.1.0.tgz",
      "integrity": "sha512-fNxRUk1KhjSbnbuBxlWSnBLKLBNun52ZBTcs22H/xEEzM6Ap81ZFTQ4bZBxVQGQgVY0xugKGoRcCbaKjLQ3XZA==",
      "dev": true,
      "license": "MIT",
      "dependencies": {
        "@fortawesome/fontawesome-common-types": "7.1.0"
      },
      "engines": {
        "node": ">=6"
      }
    },
    "node_modules/@fortawesome/free-brands-svg-icons": {
      "version": "7.1.0",
      "resolved": "https://registry.npmjs.org/@fortawesome/free-brands-svg-icons/-/free-brands-svg-icons-7.1.0.tgz",
      "integrity": "sha512-9byUd9bgNfthsZAjBl6GxOu1VPHgBuRUP9juI7ZoM98h8xNPTCTagfwUFyYscdZq4Hr7gD1azMfM9s5tIWKZZA==",
      "dev": true,
      "license": "(CC-BY-4.0 AND MIT)",
      "dependencies": {
        "@fortawesome/fontawesome-common-types": "7.1.0"
      },
      "engines": {
        "node": ">=6"
      }
    },
    "node_modules/@fortawesome/free-regular-svg-icons": {
      "version": "7.1.0",
      "resolved": "https://registry.npmjs.org/@fortawesome/free-regular-svg-icons/-/free-regular-svg-icons-7.1.0.tgz",
      "integrity": "sha512-0e2fdEyB4AR+e6kU4yxwA/MonnYcw/CsMEP9lH82ORFi9svA6/RhDyhxIv5mlJaldmaHLLYVTb+3iEr+PDSZuQ==",
      "dev": true,
      "license": "(CC-BY-4.0 AND MIT)",
      "dependencies": {
        "@fortawesome/fontawesome-common-types": "7.1.0"
      },
      "engines": {
        "node": ">=6"
      }
    },
    "node_modules/@fortawesome/free-solid-svg-icons": {
      "version": "7.1.0",
      "resolved": "https://registry.npmjs.org/@fortawesome/free-solid-svg-icons/-/free-solid-svg-icons-7.1.0.tgz",
      "integrity": "sha512-Udu3K7SzAo9N013qt7qmm22/wo2hADdheXtBfxFTecp+ogsc0caQNRKEb7pkvvagUGOpG9wJC1ViH6WXs8oXIA==",
      "dev": true,
      "license": "(CC-BY-4.0 AND MIT)",
      "dependencies": {
        "@fortawesome/fontawesome-common-types": "7.1.0"
      },
      "engines": {
        "node": ">=6"
      }
    },
    "node_modules/@fortawesome/react-fontawesome": {
      "version": "3.1.0",
      "resolved": "https://registry.npmjs.org/@fortawesome/react-fontawesome/-/react-fontawesome-3.1.0.tgz",
      "integrity": "sha512-5OUQH9aDH/xHJwnpD4J7oEdGvFGJgYnGe0UebaPIdMW9UxYC/f5jv2VjVEgnikdJN0HL8yQxp9Nq+7gqGZpIIA==",
      "dev": true,
      "license": "MIT",
      "engines": {
        "node": ">=20"
      },
      "peerDependencies": {
        "@fortawesome/fontawesome-svg-core": "~6 || ~7",
        "react": "^18.0.0 || ^19.0.0"
      }
    },
    "node_modules/@types/react": {
      "version": "19.2.2",
      "resolved": "https://registry.npmjs.org/@types/react/-/react-19.2.2.tgz",
      "integrity": "sha512-6mDvHUFSjyT2B2yeNx2nUgMxh9LtOWvkhIU3uePn2I2oyNymUAX1NIsdgviM4CH+JSrp2D2hsMvJOkxY+0wNRA==",
      "dev": true,
      "license": "MIT",
      "dependencies": {
        "csstype": "^3.0.2"
      }
    },
    "node_modules/csstype": {
      "version": "3.1.3",
      "resolved": "https://registry.npmjs.org/csstype/-/csstype-3.1.3.tgz",
      "integrity": "sha512-M1uQkMl8rQK/szD0LNhtqxIPLpimGm8sOBwU7lLnCpSbTyY3yeU1Vc7l4KT5zT4s/yOxHH5O7tIuuLOCnLADRw==",
      "dev": true,
      "license": "MIT"
    },
    "node_modules/react": {
      "version": "19.2.0",
      "resolved": "https://registry.npmjs.org/react/-/react-19.2.0.tgz",
      "integrity": "sha512-tmbWg6W31tQLeB5cdIBOicJDJRR2KzXsV7uSK9iNfLWQ5bIZfxuPEHp7M8wiHyHnn0DD1i7w3Zmin0FtkrwoCQ==",
      "dev": true,
      "license": "MIT",
      "peer": true,
      "engines": {
        "node": ">=0.10.0"
      }
    },
    "node_modules/rxjs": {
      "version": "7.8.2",
      "resolved": "https://registry.npmjs.org/rxjs/-/rxjs-7.8.2.tgz",
      "integrity": "sha512-dhKf903U/PQZY6boNNtAGdWbG85WAbjT/1xYoZIC7FAY0yWapOBQVsVrDl58W86//e1VpMNBtRV4MaXfdMySFA==",
      "license": "Apache-2.0",
      "dependencies": {
        "tslib": "^2.1.0"
      }
    },
    "node_modules/tslib": {
      "version": "2.8.1",
      "resolved": "https://registry.npmjs.org/tslib/-/tslib-2.8.1.tgz",
      "integrity": "sha512-oJFu94HQb+KVduSUQL7wnpmqnfmLsOA/nAh6b6EH0wCEoK0/mPeXU6c3wKDV83MkOuHPRHtSXKKU99IBazS/2w==",
      "license": "0BSD"
    }
  }
}
